
Microsoft Visual Studio Solution File, Format Version 12.00
# Visual Studio Version 17
VisualStudioVersion = 17.9.34723.18
MinimumVisualStudioVersion = 10.0.40219.1
Project("{FAE04EC0-301F-11D3-BF4B-00C04F79EFBC}") = "lab6.4", "lab6.4.csproj", "{5BA3E234-11E6-4354-9221-758D4FB23F14}"
EndProject
Global
	GlobalSection(SolutionConfigurationPlatforms) = preSolution
		Debug|Any CPU = Debug|Any CPU
		Release|Any CPU = Release|Any CPU
	EndGlobalSection
	GlobalSection(ProjectConfigurationPlatforms) = postSolution
		{5BA3E234-11E6-4354-9221-758D4FB23F14}.Debug|Any CPU.ActiveCfg = Debug|Any CPU
		{5BA3E234-11E6-4354-9221-758D4FB23F14}.Debug|Any CPU.Build.0 = Debug|Any CPU
		{5BA3E234-11E6-4354-9221-758D4FB23F14}.Release|Any CPU.ActiveCfg = Release|Any CPU
		{5BA3E234-11E6-4354-9221-758D4FB23F14}.Release|Any CPU.Build.0 = Release|Any CPU
	EndGlobalSection
	GlobalSection(SolutionProperties) = preSolution
		HideSolutionNode = FALSE
	EndGlobalSection
	GlobalSection(ExtensibilityGlobals) = postSolution
		SolutionGuid = {54D3F613-3ED9-48C9-A5B1-77C4BA7A4D1F}
	EndGlobalSection
EndGlobal
